# THIS IS AN AUTOGENERATED FILE. DO NOT EDIT THIS FILE DIRECTLY.
# yarn lockfile v1


promise-queue@^2.2.5:
  version "2.2.5"
  resolved "https://registry.yarnpkg.com/promise-queue/-/promise-queue-2.2.5.tgz#2f6f5f7c0f6d08109e967659c79b88a9ed5e93b4"
  integrity sha1-L29ffA9tCBCelnZZx5uIqe1ek7Q=

redis-server@1:
  version "1.2.2"
  resolved "https://registry.yarnpkg.com/redis-server/-/redis-server-1.2.2.tgz#d0415b549ee06256248bf728b407ddf19999818a"
  integrity sha512-pOaSIeSMVFkEFIuaMtpQ3TOr3uI4sUmEHm4ofGks5vTPRseHUszxyIlC70IFjUR9qSeH8o/ARZEM8dqcJmgGJw==
  dependencies:
    promise-queue "^2.2.5"
